// !$*UTF8*$!
{
	archiveVersion = 1;
	classes = {
	};
	objectVersion = 50;
	objects = {

/* Begin PBXBuildFile section */
		7D0A31412181070D007BD331 /* companyOfOneModel.xcdatamodeld in Sources */ = {isa = PBXBuildFile; fileRef = 7D0A313F2181070D007BD331 /* companyOfOneModel.xcdatamodeld */; };
		7D0A314321810C96007BD331 /* Occurrence.swift in Sources */ = {isa = PBXBuildFile; fileRef = 7D0A314221810C96007BD331 /* Occurrence.swift */; };
		7D14333F219B85C6006C20EC /* DocImage.swift in Sources */ = {isa = PBXBuildFile; fileRef = 7D14333E219B85C6006C20EC /* DocImage.swift */; };
		7D46962F218B792D00C36AD3 /* TabBarController.swift in Sources */ = {isa = PBXBuildFile; fileRef = 7D46962E218B792D00C36AD3 /* TabBarController.swift */; };
		7D66943B216A89D20048F4A3 /* AppDelegate.swift in Sources */ = {isa = PBXBuildFile; fileRef = 7D66943A216A89D20048F4A3 /* AppDelegate.swift */; };
		7D66943D216A89D20048F4A3 /* HomeViewController.swift in Sources */ = {isa = PBXBuildFile; fileRef = 7D66943C216A89D20048F4A3 /* HomeViewController.swift */; };
		7D669440216A89D20048F4A3 /* Main.storyboard in Resources */ = {isa = PBXBuildFile; fileRef = 7D66943E216A89D20048F4A3 /* Main.storyboard */; };
		7D669442216A89D50048F4A3 /* Assets.xcassets in Resources */ = {isa = PBXBuildFile; fileRef = 7D669441216A89D50048F4A3 /* Assets.xcassets */; };
		7D669445216A89D50048F4A3 /* LaunchScreen.storyboard in Resources */ = {isa = PBXBuildFile; fileRef = 7D669443216A89D50048F4A3 /* LaunchScreen.storyboard */; };
		7D66944D216A8BD50048F4A3 /* Document.swift in Sources */ = {isa = PBXBuildFile; fileRef = 7D66944C216A8BD50048F4A3 /* Document.swift */; };
		7D66944F216A8BE40048F4A3 /* Category.swift in Sources */ = {isa = PBXBuildFile; fileRef = 7D66944E216A8BE40048F4A3 /* Category.swift */; };
		7D669451216A8BF50048F4A3 /* SubCategory.swift in Sources */ = {isa = PBXBuildFile; fileRef = 7D669450216A8BF50048F4A3 /* SubCategory.swift */; };
		7D669456216A8DA20048F4A3 /* EditViewController.swift in Sources */ = {isa = PBXBuildFile; fileRef = 7D669455216A8DA20048F4A3 /* EditViewController.swift */; };
		7D669458216D743C0048F4A3 /* CustomDatePicker.swift in Sources */ = {isa = PBXBuildFile; fileRef = 7D669457216D743C0048F4A3 /* CustomDatePicker.swift */; };
		7D66945A216EA8000048F4A3 /* SettingsViewContoller.swift in Sources */ = {isa = PBXBuildFile; fileRef = 7D669459216EA8000048F4A3 /* SettingsViewContoller.swift */; };
		7D66945D216FE6610048F4A3 /* SettingsTableViewCell.swift in Sources */ = {isa = PBXBuildFile; fileRef = 7D66945C216FE6610048F4A3 /* SettingsTableViewCell.swift */; };
		7D66945F216FECDE0048F4A3 /* CategoryTableViewController.swift in Sources */ = {isa = PBXBuildFile; fileRef = 7D66945E216FECDE0048F4A3 /* CategoryTableViewController.swift */; };
		7D669461216FECF40048F4A3 /* SubCategoryTableViewController.swift in Sources */ = {isa = PBXBuildFile; fileRef = 7D669460216FECF40048F4A3 /* SubCategoryTableViewController.swift */; };
		7D94F74F21CC052800D62C8A /* MySelectedIndexDelegate.swift in Sources */ = {isa = PBXBuildFile; fileRef = 7D94F74E21CC052800D62C8A /* MySelectedIndexDelegate.swift */; };
		7D94F75121CC0DB300D62C8A /* LocalNotificationHandler.swift in Sources */ = {isa = PBXBuildFile; fileRef = 7D94F75021CC0DB300D62C8A /* LocalNotificationHandler.swift */; };
		7D9C731121B70C2200179C06 /* CommonDisplayView.xib in Resources */ = {isa = PBXBuildFile; fileRef = 7D9C730F21B70C2200179C06 /* CommonDisplayView.xib */; };
		7DC93943218E163F001F05DE /* DocsViewController.swift in Sources */ = {isa = PBXBuildFile; fileRef = 7DC93942218E163F001F05DE /* DocsViewController.swift */; };
		7DDAA67821A0F60F00C047E3 /* ArrayHandler.swift in Sources */ = {isa = PBXBuildFile; fileRef = 7DDAA67721A0F60F00C047E3 /* ArrayHandler.swift */; };
		7DDAA67A21A1040800C047E3 /* AlertHandler.swift in Sources */ = {isa = PBXBuildFile; fileRef = 7DDAA67921A1040800C047E3 /* AlertHandler.swift */; };
		7DDAA67F21A5DB2F00C047E3 /* DateHandler.swift in Sources */ = {isa = PBXBuildFile; fileRef = 7DDAA67E21A5DB2F00C047E3 /* DateHandler.swift */; };
		7DDAA68821B474FA00C047E3 /* DocViewTableViewCell.swift in Sources */ = {isa = PBXBuildFile; fileRef = 7DDAA68621B474FA00C047E3 /* DocViewTableViewCell.swift */; };
		7DDAA68921B474FA00C047E3 /* DocViewTableViewCell.xib in Resources */ = {isa = PBXBuildFile; fileRef = 7DDAA68721B474FA00C047E3 /* DocViewTableViewCell.xib */; };
		7DEA725021C0164C0062D49F /* FetchHandler.swift in Sources */ = {isa = PBXBuildFile; fileRef = 7DEA724F21C0164C0062D49F /* FetchHandler.swift */; };
/* End PBXBuildFile section */

/* Begin PBXFileReference section */
		7D0A31402181070D007BD331 /* companyOfOneModel.xcdatamodel */ = {isa = PBXFileReference; lastKnownFileType = wrapper.xcdatamodel; path = companyOfOneModel.xcdatamodel; sourceTree = "<group>"; };
		7D0A314221810C96007BD331 /* Occurrence.swift */ = {isa = PBXFileReference; lastKnownFileType = sourcecode.swift; path = Occurrence.swift; sourceTree = "<group>"; };
		7D14333E219B85C6006C20EC /* DocImage.swift */ = {isa = PBXFileReference; lastKnownFileType = sourcecode.swift; path = DocImage.swift; sourceTree = "<group>"; };
		7D46962E218B792D00C36AD3 /* TabBarController.swift */ = {isa = PBXFileReference; lastKnownFileType = sourcecode.swift; path = TabBarController.swift; sourceTree = "<group>"; };
		7D669437216A89D20048F4A3 /* companyOfOne.app */ = {isa = PBXFileReference; explicitFileType = wrapper.application; includeInIndex = 0; path = companyOfOne.app; sourceTree = BUILT_PRODUCTS_DIR; };
		7D66943A216A89D20048F4A3 /* AppDelegate.swift */ = {isa = PBXFileReference; lastKnownFileType = sourcecode.swift; path = AppDelegate.swift; sourceTree = "<group>"; };
		7D66943C216A89D20048F4A3 /* HomeViewController.swift */ = {isa = PBXFileReference; lastKnownFileType = sourcecode.swift; path = HomeViewController.swift; sourceTree = "<group>"; };
		7D66943F216A89D20048F4A3 /* Base */ = {isa = PBXFileReference; lastKnownFileType = file.storyboard; name = Base; path = Base.lproj/Main.storyboard; sourceTree = "<group>"; };
		7D669441216A89D50048F4A3 /* Assets.xcassets */ = {isa = PBXFileReference; lastKnownFileType = folder.assetcatalog; path = Assets.xcassets; sourceTree = "<group>"; };
		7D669444216A89D50048F4A3 /* Base */ = {isa = PBXFileReference; lastKnownFileType = file.storyboard; name = Base; path = Base.lproj/LaunchScreen.storyboard; sourceTree = "<group>"; };
		7D669446216A89D50048F4A3 /* Info.plist */ = {isa = PBXFileReference; lastKnownFileType = text.plist.xml; path = Info.plist; sourceTree = "<group>"; };
		7D66944C216A8BD50048F4A3 /* Document.swift */ = {isa = PBXFileReference; lastKnownFileType = sourcecode.swift; path = Document.swift; sourceTree = "<group>"; };
		7D66944E216A8BE40048F4A3 /* Category.swift */ = {isa = PBXFileReference; lastKnownFileType = sourcecode.swift; path = Category.swift; sourceTree = "<group>"; };
		7D669450216A8BF50048F4A3 /* SubCategory.swift */ = {isa = PBXFileReference; lastKnownFileType = sourcecode.swift; path = SubCategory.swift; sourceTree = "<group>"; };
		7D669455216A8DA20048F4A3 /* EditViewController.swift */ = {isa = PBXFileReference; lastKnownFileType = sourcecode.swift; path = EditViewController.swift; sourceTree = "<group>"; };
		7D669457216D743C0048F4A3 /* CustomDatePicker.swift */ = {isa = PBXFileReference; lastKnownFileType = sourcecode.swift; path = CustomDatePicker.swift; sourceTree = "<group>"; };
		7D669459216EA8000048F4A3 /* SettingsViewContoller.swift */ = {isa = PBXFileReference; lastKnownFileType = sourcecode.swift; path = SettingsViewContoller.swift; sourceTree = "<group>"; };
		7D66945C216FE6610048F4A3 /* SettingsTableViewCell.swift */ = {isa = PBXFileReference; lastKnownFileType = sourcecode.swift; path = SettingsTableViewCell.swift; sourceTree = "<group>"; };
		7D66945E216FECDE0048F4A3 /* CategoryTableViewController.swift */ = {isa = PBXFileReference; lastKnownFileType = sourcecode.swift; path = CategoryTableViewController.swift; sourceTree = "<group>"; };
		7D669460216FECF40048F4A3 /* SubCategoryTableViewController.swift */ = {isa = PBXFileReference; lastKnownFileType = sourcecode.swift; path = SubCategoryTableViewController.swift; sourceTree = "<group>"; };
		7D94F74E21CC052800D62C8A /* MySelectedIndexDelegate.swift */ = {isa = PBXFileReference; lastKnownFileType = sourcecode.swift; path = MySelectedIndexDelegate.swift; sourceTree = "<group>"; };
		7D94F75021CC0DB300D62C8A /* LocalNotificationHandler.swift */ = {isa = PBXFileReference; lastKnownFileType = sourcecode.swift; path = LocalNotificationHandler.swift; sourceTree = "<group>"; };
		7D9C730F21B70C2200179C06 /* CommonDisplayView.xib */ = {isa = PBXFileReference; lastKnownFileType = file.xib; name = CommonDisplayView.xib; path = companyOfOne/View/CommonDisplayView.xib; sourceTree = SOURCE_ROOT; };
		7DC93942218E163F001F05DE /* DocsViewController.swift */ = {isa = PBXFileReference; lastKnownFileType = sourcecode.swift; path = DocsViewController.swift; sourceTree = "<group>"; };
		7DDAA67721A0F60F00C047E3 /* ArrayHandler.swift */ = {isa = PBXFileReference; lastKnownFileType = sourcecode.swift; path = ArrayHandler.swift; sourceTree = "<group>"; };
		7DDAA67921A1040800C047E3 /* AlertHandler.swift */ = {isa = PBXFileReference; lastKnownFileType = sourcecode.swift; path = AlertHandler.swift; sourceTree = "<group>"; };
		7DDAA67E21A5DB2F00C047E3 /* DateHandler.swift */ = {isa = PBXFileReference; lastKnownFileType = sourcecode.swift; path = DateHandler.swift; sourceTree = "<group>"; };
		7DDAA68621B474FA00C047E3 /* DocViewTableViewCell.swift */ = {isa = PBXFileReference; lastKnownFileType = sourcecode.swift; path = DocViewTableViewCell.swift; sourceTree = "<group>"; };
		7DDAA68721B474FA00C047E3 /* DocViewTableViewCell.xib */ = {isa = PBXFileReference; lastKnownFileType = file.xib; path = DocViewTableViewCell.xib; sourceTree = "<group>"; };
		7DEA724F21C0164C0062D49F /* FetchHandler.swift */ = {isa = PBXFileReference; lastKnownFileType = sourcecode.swift; path = FetchHandler.swift; sourceTree = "<group>"; };
/* End PBXFileReference section */

/* Begin PBXFrameworksBuildPhase section */
		7D669434216A89D20048F4A3 /* Frameworks */ = {
			isa = PBXFrameworksBuildPhase;
			buildActionMask = 2147483647;
			files = (
			);
			runOnlyForDeploymentPostprocessing = 0;
		};
/* End PBXFrameworksBuildPhase section */

/* Begin PBXGroup section */
		7D66942E216A89D10048F4A3 = {
			isa = PBXGroup;
			children = (
				7D669439216A89D20048F4A3 /* companyOfOne */,
				7D669438216A89D20048F4A3 /* Products */,
			);
			sourceTree = "<group>";
		};
		7D669438216A89D20048F4A3 /* Products */ = {
			isa = PBXGroup;
			children = (
				7D669437216A89D20048F4A3 /* companyOfOne.app */,
			);
			name = Products;
			sourceTree = "<group>";
		};
		7D669439216A89D20048F4A3 /* companyOfOne */ = {
			isa = PBXGroup;
			children = (
				7D669452216A8C040048F4A3 /* Model */,
				7DDAA67B21A1043500C047E3 /* Handlers */,
				7D66945B216EA8120048F4A3 /* View */,
				7D669453216A8C100048F4A3 /* Controller */,
				7D669454216A8C210048F4A3 /* Storyboards */,
				7D669441216A89D50048F4A3 /* Assets.xcassets */,
				7D66943A216A89D20048F4A3 /* AppDelegate.swift */,
				7D669446216A89D50048F4A3 /* Info.plist */,
			);
			path = companyOfOne;
			sourceTree = "<group>";
		};
		7D669452216A8C040048F4A3 /* Model */ = {
			isa = PBXGroup;
			children = (
				7D66944C216A8BD50048F4A3 /* Document.swift */,
				7D66944E216A8BE40048F4A3 /* Category.swift */,
				7D669450216A8BF50048F4A3 /* SubCategory.swift */,
				7D0A314221810C96007BD331 /* Occurrence.swift */,
				7D14333E219B85C6006C20EC /* DocImage.swift */,
				7D0A313F2181070D007BD331 /* companyOfOneModel.xcdatamodeld */,
			);
			path = Model;
			sourceTree = "<group>";
		};
		7D669453216A8C100048F4A3 /* Controller */ = {
			isa = PBXGroup;
			children = (
				7DC93942218E163F001F05DE /* DocsViewController.swift */,
				7D94F74E21CC052800D62C8A /* MySelectedIndexDelegate.swift */,
				7D66943C216A89D20048F4A3 /* HomeViewController.swift */,
				7D669459216EA8000048F4A3 /* SettingsViewContoller.swift */,
				7D669455216A8DA20048F4A3 /* EditViewController.swift */,
				7D66945E216FECDE0048F4A3 /* CategoryTableViewController.swift */,
				7D669460216FECF40048F4A3 /* SubCategoryTableViewController.swift */,
				7D46962E218B792D00C36AD3 /* TabBarController.swift */,
			);
			path = Controller;
			sourceTree = "<group>";
		};
		7D669454216A8C210048F4A3 /* Storyboards */ = {
			isa = PBXGroup;
			children = (
				7D66943E216A89D20048F4A3 /* Main.storyboard */,
				7D669443216A89D50048F4A3 /* LaunchScreen.storyboard */,
			);
			path = Storyboards;
			sourceTree = "<group>";
		};
		7D66945B216EA8120048F4A3 /* View */ = {
			isa = PBXGroup;
			children = (
				7D9C730F21B70C2200179C06 /* CommonDisplayView.xib */,
				7DDAA68721B474FA00C047E3 /* DocViewTableViewCell.xib */,
				7DDAA68621B474FA00C047E3 /* DocViewTableViewCell.swift */,
				7D66945C216FE6610048F4A3 /* SettingsTableViewCell.swift */,
				7D669457216D743C0048F4A3 /* CustomDatePicker.swift */,
			);
			path = View;
			sourceTree = "<group>";
		};
		7DDAA67B21A1043500C047E3 /* Handlers */ = {
			isa = PBXGroup;
			children = (
				7DDAA67721A0F60F00C047E3 /* ArrayHandler.swift */,
				7DEA724F21C0164C0062D49F /* FetchHandler.swift */,
				7D94F75021CC0DB300D62C8A /* LocalNotificationHandler.swift */,
				7DDAA67921A1040800C047E3 /* AlertHandler.swift */,
				7DDAA67E21A5DB2F00C047E3 /* DateHandler.swift */,
			);
			path = Handlers;
			sourceTree = "<group>";
		};
/* End PBXGroup section */

/* Begin PBXNativeTarget section */
		7D669436216A89D20048F4A3 /* companyOfOne */ = {
			isa = PBXNativeTarget;
			buildConfigurationList = 7D669449216A89D50048F4A3 /* Build configuration list for PBXNativeTarget "companyOfOne" */;
			buildPhases = (
				7D669433216A89D20048F4A3 /* Sources */,
				7D669434216A89D20048F4A3 /* Frameworks */,
				7D669435216A89D20048F4A3 /* Resources */,
			);
			buildRules = (
			);
			dependencies = (
			);
			name = companyOfOne;
			productName = companyOfOne;
			productReference = 7D669437216A89D20048F4A3 /* companyOfOne.app */;
			productType = "com.apple.product-type.application";
		};
/* End PBXNativeTarget section */

/* Begin PBXProject section */
		7D66942F216A89D10048F4A3 /* Project object */ = {
			isa = PBXProject;
			attributes = {
				LastSwiftUpdateCheck = 1000;
				LastUpgradeCheck = 1000;
				ORGANIZATIONNAME = Jamie;
				TargetAttributes = {
					7D669436216A89D20048F4A3 = {
						CreatedOnToolsVersion = 10.0;
					};
				};
			};
			buildConfigurationList = 7D669432216A89D20048F4A3 /* Build configuration list for PBXProject "companyOfOne" */;
			compatibilityVersion = "Xcode 9.3";
			developmentRegion = en;
			hasScannedForEncodings = 0;
			knownRegions = (
				en,
				Base,
			);
			mainGroup = 7D66942E216A89D10048F4A3;
			productRefGroup = 7D669438216A89D20048F4A3 /* Products */;
			projectDirPath = "";
			projectRoot = "";
			targets = (
				7D669436216A89D20048F4A3 /* companyOfOne */,
			);
		};
/* End PBXProject section */

/* Begin PBXResourcesBuildPhase section */
		7D669435216A89D20048F4A3 /* Resources */ = {
			isa = PBXResourcesBuildPhase;
			buildActionMask = 2147483647;
			files = (
				7DDAA68921B474FA00C047E3 /* DocViewTableViewCell.xib in Resources */,
				7D669445216A89D50048F4A3 /* LaunchScreen.storyboard in Resources */,
				7D669442216A89D50048F4A3 /* Assets.xcassets in Resources */,
				7D9C731121B70C2200179C06 /* CommonDisplayView.xib in Resources */,
				7D669440216A89D20048F4A3 /* Main.storyboard in Resources */,
			);
			runOnlyForDeploymentPostprocessing = 0;
		};
/* End PBXResourcesBuildPhase section */

/* Begin PBXSourcesBuildPhase section */
		7D669433216A89D20048F4A3 /* Sources */ = {
			isa = PBXSourcesBuildPhase;
			buildActionMask = 2147483647;
			files = (
				7DDAA67F21A5DB2F00C047E3 /* DateHandler.swift in Sources */,
				7D66945F216FECDE0048F4A3 /* CategoryTableViewController.swift in Sources */,
				7D66943D216A89D20048F4A3 /* HomeViewController.swift in Sources */,
				7D94F75121CC0DB300D62C8A /* LocalNotificationHandler.swift in Sources */,
				7D66943B216A89D20048F4A3 /* AppDelegate.swift in Sources */,
				7D66945D216FE6610048F4A3 /* SettingsTableViewCell.swift in Sources */,
				7D669456216A8DA20048F4A3 /* EditViewController.swift in Sources */,
				7D669461216FECF40048F4A3 /* SubCategoryTableViewController.swift in Sources */,
				7DDAA67821A0F60F00C047E3 /* ArrayHandler.swift in Sources */,
				7D0A314321810C96007BD331 /* Occurrence.swift in Sources */,
				7DEA725021C0164C0062D49F /* FetchHandler.swift in Sources */,
				7DDAA68821B474FA00C047E3 /* DocViewTableViewCell.swift in Sources */,
				7D669451216A8BF50048F4A3 /* SubCategory.swift in Sources */,
				7D66945A216EA8000048F4A3 /* SettingsViewContoller.swift in Sources */,
				7D66944D216A8BD50048F4A3 /* Document.swift in Sources */,
				7D94F74F21CC052800D62C8A /* MySelectedIndexDelegate.swift in Sources */,
				7D14333F219B85C6006C20EC /* DocImage.swift in Sources */,
				7DC93943218E163F001F05DE /* DocsViewController.swift in Sources */,
				7D0A31412181070D007BD331 /* companyOfOneModel.xcdatamodeld in Sources */,
				7D46962F218B792D00C36AD3 /* TabBarController.swift in Sources */,
				7DDAA67A21A1040800C047E3 /* AlertHandler.swift in Sources */,
				7D669458216D743C0048F4A3 /* CustomDatePicker.swift in Sources */,
				7D66944F216A8BE40048F4A3 /* Category.swift in Sources */,
			);
			runOnlyForDeploymentPostprocessing = 0;
		};
/* End PBXSourcesBuildPhase section */

/* Begin PBXVariantGroup section */
		7D66943E216A89D20048F4A3 /* Main.storyboard */ = {
			isa = PBXVariantGroup;
			children = (
				7D66943F216A89D20048F4A3 /* Base */,
			);
			name = Main.storyboard;
			sourceTree = "<group>";
		};
		7D669443216A89D50048F4A3 /* LaunchScreen.storyboard */ = {
			isa = PBXVariantGroup;
			children = (
				7D669444216A89D50048F4A3 /* Base */,
			);
			name = LaunchScreen.storyboard;
			sourceTree = "<group>";
		};
/* End PBXVariantGroup section */

/* Begin XCBuildConfiguration section */
		7D669447216A89D50048F4A3 /* Debug */ = {
			isa = XCBuildConfiguration;
			buildSettings = {
				ALWAYS_SEARCH_USER_PATHS = NO;
				CLANG_ANALYZER_NONNULL = YES;
				CLANG_ANALYZER_NUMBER_OBJECT_CONVERSION = YES_AGGRESSIVE;
				CLANG_CXX_LANGUAGE_STANDARD = "gnu++14";
				CLANG_CXX_LIBRARY = "libc++";
				CLANG_ENABLE_MODULES = YES;
				CLANG_ENABLE_OBJC_ARC = YES;
				CLANG_ENABLE_OBJC_WEAK = YES;
				CLANG_WARN_BLOCK_CAPTURE_AUTORELEASING = YES;
				CLANG_WARN_BOOL_CONVERSION = YES;
				CLANG_WARN_COMMA = YES;
				CLANG_WARN_CONSTANT_CONVERSION = YES;
				CLANG_WARN_DEPRECATED_OBJC_IMPLEMENTATIONS = YES;
				CLANG_WARN_DIRECT_OBJC_ISA_USAGE = YES_ERROR;
				CLANG_WARN_DOCUMENTATION_COMMENTS = YES;
				CLANG_WARN_EMPTY_BODY = YES;
				CLANG_WARN_ENUM_CONVERSION = YES;
				CLANG_WARN_INFINITE_RECURSION = YES;
				CLANG_WARN_INT_CONVERSION = YES;
				CLANG_WARN_NON_LITERAL_NULL_CONVERSION = YES;
				CLANG_WARN_OBJC_IMPLICIT_RETAIN_SELF = YES;
				CLANG_WARN_OBJC_LITERAL_CONVERSION = YES;
				CLANG_WARN_OBJC_ROOT_CLASS = YES_ERROR;
				CLANG_WARN_RANGE_LOOP_ANALYSIS = YES;
				CLANG_WARN_STRICT_PROTOTYPES = YES;
				CLANG_WARN_SUSPICIOUS_MOVE = YES;
				CLANG_WARN_UNGUARDED_AVAILABILITY = YES_AGGRESSIVE;
				CLANG_WARN_UNREACHABLE_CODE = YES;
				CLANG_WARN__DUPLICATE_METHOD_MATCH = YES;
				CODE_SIGN_IDENTITY = "iPhone Developer";
				COPY_PHASE_STRIP = NO;
				DEBUG_INFORMATION_FORMAT = dwarf;
				ENABLE_STRICT_OBJC_MSGSEND = YES;
				ENABLE_TESTABILITY = YES;
				GCC_C_LANGUAGE_STANDARD = gnu11;
				GCC_DYNAMIC_NO_PIC = NO;
				GCC_NO_COMMON_BLOCKS = YES;
				GCC_OPTIMIZATION_LEVEL = 0;
				GCC_PREPROCESSOR_DEFINITIONS = (
					"DEBUG=1",
					"$(inherited)",
				);
				GCC_WARN_64_TO_32_BIT_CONVERSION = YES;
				GCC_WARN_ABOUT_RETURN_TYPE = YES_ERROR;
				GCC_WARN_UNDECLARED_SELECTOR = YES;
				GCC_WARN_UNINITIALIZED_AUTOS = YES_AGGRESSIVE;
				GCC_WARN_UNUSED_FUNCTION = YES;
				GCC_WARN_UNUSED_VARIABLE = YES;
				IPHONEOS_DEPLOYMENT_TARGET = 12.0;
				MTL_ENABLE_DEBUG_INFO = INCLUDE_SOURCE;
				MTL_FAST_MATH = YES;
				ONLY_ACTIVE_ARCH = YES;
				SDKROOT = iphoneos;
				SWIFT_ACTIVE_COMPILATION_CONDITIONS = DEBUG;
				SWIFT_OPTIMIZATION_LEVEL = "-Onone";
			};
			name = Debug;
		};
		7D669448216A89D50048F4A3 /* Release */ = {
			isa = XCBuildConfiguration;
			buildSettings = {
				ALWAYS_SEARCH_USER_PATHS = NO;
				CLANG_ANALYZER_NONNULL = YES;
				CLANG_ANALYZER_NUMBER_OBJECT_CONVERSION = YES_AGGRESSIVE;
				CLANG_CXX_LANGUAGE_STANDARD = "gnu++14";
				CLANG_CXX_LIBRARY = "libc++";
				CLANG_ENABLE_MODULES = YES;
				CLANG_ENABLE_OBJC_ARC = YES;
				CLANG_ENABLE_OBJC_WEAK = YES;
				CLANG_WARN_BLOCK_CAPTURE_AUTORELEASING = YES;
				CLANG_WARN_BOOL_CONVERSION = YES;
				CLANG_WARN_COMMA = YES;
				CLANG_WARN_CONSTANT_CONVERSION = YES;
				CLANG_WARN_DEPRECATED_OBJC_IMPLEMENTATIONS = YES;
				CLANG_WARN_DIRECT_OBJC_ISA_USAGE = YES_ERROR;
				CLANG_WARN_DOCUMENTATION_COMMENTS = YES;
				CLANG_WARN_EMPTY_BODY = YES;
				CLANG_WARN_ENUM_CONVERSION = YES;
				CLANG_WARN_INFINITE_RECURSION = YES;
				CLANG_WARN_INT_CONVERSION = YES;
				CLANG_WARN_NON_LITERAL_NULL_CONVERSION = YES;
				CLANG_WARN_OBJC_IMPLICIT_RETAIN_SELF = YES;
				CLANG_WARN_OBJC_LITERAL_CONVERSION = YES;
				CLANG_WARN_OBJC_ROOT_CLASS = YES_ERROR;
				CLANG_WARN_RANGE_LOOP_ANALYSIS = YES;
				CLANG_WARN_STRICT_PROTOTYPES = YES;
				CLANG_WARN_SUSPICIOUS_MOVE = YES;
				CLANG_WARN_UNGUARDED_AVAILABILITY = YES_AGGRESSIVE;
				CLANG_WARN_UNREACHABLE_CODE = YES;
				CLANG_WARN__DUPLICATE_METHOD_MATCH = YES;
				CODE_SIGN_IDENTITY = "iPhone Developer";
				COPY_PHASE_STRIP = NO;
				DEBUG_INFORMATION_FORMAT = "dwarf-with-dsym";
				ENABLE_NS_ASSERTIONS = NO;
				ENABLE_STRICT_OBJC_MSGSEND = YES;
				GCC_C_LANGUAGE_STANDARD = gnu11;
				GCC_NO_COMMON_BLOCKS = YES;
				GCC_WARN_64_TO_32_BIT_CONVERSION = YES;
				GCC_WARN_ABOUT_RETURN_TYPE = YES_ERROR;
				GCC_WARN_UNDECLARED_SELECTOR = YES;
				GCC_WARN_UNINITIALIZED_AUTOS = YES_AGGRESSIVE;
				GCC_WARN_UNUSED_FUNCTION = YES;
				GCC_WARN_UNUSED_VARIABLE = YES;
				IPHONEOS_DEPLOYMENT_TARGET = 12.0;
				MTL_ENABLE_DEBUG_INFO = NO;
				MTL_FAST_MATH = YES;
				SDKROOT = iphoneos;
				SWIFT_COMPILATION_MODE = wholemodule;
				SWIFT_OPTIMIZATION_LEVEL = "-O";
				VALIDATE_PRODUCT = YES;
			};
			name = Release;
		};
		7D66944A216A89D50048F4A3 /* Debug */ = {
			isa = XCBuildConfiguration;
			buildSettings = {
				ASSETCATALOG_COMPILER_APPICON_NAME = AppIcon;
				CODE_SIGN_STYLE = Automatic;
				DEVELOPMENT_TEAM = W7K9Q4Z2Y3;
				INFOPLIST_FILE = companyOfOne/Info.plist;
				LD_RUNPATH_SEARCH_PATHS = (
					"$(inherited)",
					"@executable_path/Frameworks",
				);
				PRODUCT_BUNDLE_IDENTIFIER = "Feeny-Corp.companyOfOne";
				PRODUCT_NAME = "$(TARGET_NAME)";
				SWIFT_VERSION = 4.2;
				TARGETED_DEVICE_FAMILY = "1,2";
			};
			name = Debug;
		};
		7D66944B216A89D50048F4A3 /* Release */ = {
			isa = XCBuildConfiguration;
			buildSettings = {
				ASSETCATALOG_COMPILER_APPICON_NAME = AppIcon;
				CODE_SIGN_STYLE = Automatic;
				DEVELOPMENT_TEAM = W7K9Q4Z2Y3;
				INFOPLIST_FILE = companyOfOne/Info.plist;
				LD_RUNPATH_SEARCH_PATHS = (
					"$(inherited)",
					"@executable_path/Frameworks",
				);
				PRODUCT_BUNDLE_IDENTIFIER = "Feeny-Corp.companyOfOne";
				PRODUCT_NAME = "$(TARGET_NAME)";
				SWIFT_VERSION = 4.2;
				TARGETED_DEVICE_FAMILY = "1,2";
			};
			name = Release;
		};
/* End XCBuildConfiguration section */

/* Begin XCConfigurationList section */
		7D669432216A89D20048F4A3 /* Build configuration list for PBXProject "companyOfOne" */ = {
			isa = XCConfigurationList;
			buildConfigurations = (
				7D669447216A89D50048F4A3 /* Debug */,
				7D669448216A89D50048F4A3 /* Release */,
			);
			defaultConfigurationIsVisible = 0;
			defaultConfigurationName = Release;
		};
		7D669449216A89D50048F4A3 /* Build configuration list for PBXNativeTarget "companyOfOne" */ = {
			isa = XCConfigurationList;
			buildConfigurations = (
				7D66944A216A89D50048F4A3 /* Debug */,
				7D66944B216A89D50048F4A3 /* Release */,
			);
			defaultConfigurationIsVisible = 0;
			defaultConfigurationName = Release;
		};
/* End XCConfigurationList section */

/* Begin XCVersionGroup section */
		7D0A313F2181070D007BD331 /* companyOfOneModel.xcdatamodeld */ = {
			isa = XCVersionGroup;
			children = (
				7D0A31402181070D007BD331 /* companyOfOneModel.xcdatamodel */,
			);
			currentVersion = 7D0A31402181070D007BD331 /* companyOfOneModel.xcdatamodel */;
			path = companyOfOneModel.xcdatamodeld;
			sourceTree = "<group>";
			versionGroupType = wrapper.xcdatamodel;
		};
/* End XCVersionGroup section */
	};
	rootObject = 7D66942F216A89D10048F4A3 /* Project object */;
}
